
Microsoft Visual Studio Solution File, Format Version 12.00
# Visual Studio 2012
Project("{FAE04EC0-301F-11D3-BF4B-00C04F79EFBC}") = "MLiB", "MLiB.csproj", "{025217FB-56A0-4828-A46C-75C42A2A6CF1}"
EndProject
Global
	GlobalSection(SolutionConfigurationPlatforms) = preSolution
		Debug|Any CPU = Debug|Any CPU
		Release|Any CPU = Release|Any CPU
	EndGlobalSection
	GlobalSection(ProjectConfigurationPlatforms) = postSolution
		{025217FB-56A0-4828-A46C-75C42A2A6CF1}.Debug|Any CPU.ActiveCfg = Debug|Any CPU
		{025217FB-56A0-4828-A46C-75C42A2A6CF1}.Debug|Any CPU.Build.0 = Debug|Any CPU
		{025217FB-56A0-4828-A46C-75C42A2A6CF1}.Release|Any CPU.ActiveCfg = Release|Any CPU
		{025217FB-56A0-4828-A46C-75C42A2A6CF1}.Release|Any CPU.Build.0 = Release|Any CPU
	EndGlobalSection
	GlobalSection(SolutionProperties) = preSolution
		HideSolutionNode = FALSE
	EndGlobalSection
EndGlobal
